
Microsoft Visual Studio Solution File, Format Version 12.00
# Visual Studio Version 17
VisualStudioVersion = 17.3.32922.545
MinimumVisualStudioVersion = 10.0.40219.1
Project("{FAE04EC0-301F-11D3-BF4B-00C04F79EFBC}") = "2011062141_PhanMinhHoang", "2011062141_PhanMinhHoang\2011062141_PhanMinhHoang.csproj", "{F2740188-F8A3-4215-8217-3AF385DE68DA}"
EndProject
Global
	GlobalSection(SolutionConfigurationPlatforms) = preSolution
		Debug|Any CPU = Debug|Any CPU
		Release|Any CPU = Release|Any CPU
	EndGlobalSection
	GlobalSection(ProjectConfigurationPlatforms) = postSolution
		{F2740188-F8A3-4215-8217-3AF385DE68DA}.Debug|Any CPU.ActiveCfg = Debug|Any CPU
		{F2740188-F8A3-4215-8217-3AF385DE68DA}.Debug|Any CPU.Build.0 = Debug|Any CPU
		{F2740188-F8A3-4215-8217-3AF385DE68DA}.Release|Any CPU.ActiveCfg = Release|Any CPU
		{F2740188-F8A3-4215-8217-3AF385DE68DA}.Release|Any CPU.Build.0 = Release|Any CPU
	EndGlobalSection
	GlobalSection(SolutionProperties) = preSolution
		HideSolutionNode = FALSE
	EndGlobalSection
	GlobalSection(ExtensibilityGlobals) = postSolution
		SolutionGuid = {4DF9CE70-2759-4A3C-937B-AB8D1E560426}
	EndGlobalSection
EndGlobal
